
Microsoft Visual Studio Solution File, Format Version 12.00
# Visual Studio Version 17
VisualStudioVersion = 17.0.32014.148
MinimumVisualStudioVersion = 10.0.40219.1
Project("{FAE04EC0-301F-11D3-BF4B-00C04F79EFBC}") = "TorrentVideoStreamGUI", "TorrentVideoStreamGUI.csproj", "{F89B061F-AC17-402A-829B-5A59A6FAF4D2}"
EndProject
Global
	GlobalSection(SolutionConfigurationPlatforms) = preSolution
		Debug|Any CPU = Debug|Any CPU
		Release|Any CPU = Release|Any CPU
	EndGlobalSection
	GlobalSection(ProjectConfigurationPlatforms) = postSolution
		{F89B061F-AC17-402A-829B-5A59A6FAF4D2}.Debug|Any CPU.ActiveCfg = Debug|Any CPU
		{F89B061F-AC17-402A-829B-5A59A6FAF4D2}.Debug|Any CPU.Build.0 = Debug|Any CPU
		{F89B061F-AC17-402A-829B-5A59A6FAF4D2}.Release|Any CPU.ActiveCfg = Release|Any CPU
		{F89B061F-AC17-402A-829B-5A59A6FAF4D2}.Release|Any CPU.Build.0 = Release|Any CPU
	EndGlobalSection
	GlobalSection(SolutionProperties) = preSolution
		HideSolutionNode = FALSE
	EndGlobalSection
	GlobalSection(ExtensibilityGlobals) = postSolution
		SolutionGuid = {45734EA1-695E-469F-BBD6-4236156CB0E1}
	EndGlobalSection
EndGlobal
